
Microsoft Visual Studio Solution File, Format Version 12.00
# Visual Studio Version 17
VisualStudioVersion = 17.10.35201.131
MinimumVisualStudioVersion = 10.0.40219.1
Project("{FAE04EC0-301F-11D3-BF4B-00C04F79EFBC}") = "Ado.Net", "Ado.Net\Ado.Net.csproj", "{E56AA784-3311-4553-A13C-2CE476CC6C45}"
EndProject
Global
	GlobalSection(SolutionConfigurationPlatforms) = preSolution
		Debug|Any CPU = Debug|Any CPU
		Release|Any CPU = Release|Any CPU
	EndGlobalSection
	GlobalSection(ProjectConfigurationPlatforms) = postSolution
		{E56AA784-3311-4553-A13C-2CE476CC6C45}.Debug|Any CPU.ActiveCfg = Debug|Any CPU
		{E56AA784-3311-4553-A13C-2CE476CC6C45}.Debug|Any CPU.Build.0 = Debug|Any CPU
		{E56AA784-3311-4553-A13C-2CE476CC6C45}.Release|Any CPU.ActiveCfg = Release|Any CPU
		{E56AA784-3311-4553-A13C-2CE476CC6C45}.Release|Any CPU.Build.0 = Release|Any CPU
	EndGlobalSection
	GlobalSection(SolutionProperties) = preSolution
		HideSolutionNode = FALSE
	EndGlobalSection
	GlobalSection(ExtensibilityGlobals) = postSolution
		SolutionGuid = {F105874C-D648-4622-90E0-7857C7AA5E85}
	EndGlobalSection
EndGlobal
